// !$*UTF8*$!
{
	archiveVersion = 1;
	classes = {
	};
	objectVersion = 46;
	objects = {

/* Begin PBXBuildFile section */
		51C5E78F9805467680CF91D8 /* libPods.a in Frameworks */ = {isa = PBXBuildFile; fileRef = B89A0D920B58466FB80C3030 /* libPods.a */; };
		631606FF18400974008C64E5 /* Foundation.framework in Frameworks */ = {isa = PBXBuildFile; fileRef = 631606FE18400974008C64E5 /* Foundation.framework */; };
		6316070118400974008C64E5 /* CoreGraphics.framework in Frameworks */ = {isa = PBXBuildFile; fileRef = 6316070018400974008C64E5 /* CoreGraphics.framework */; };
		6316070318400974008C64E5 /* UIKit.framework in Frameworks */ = {isa = PBXBuildFile; fileRef = 6316070218400974008C64E5 /* UIKit.framework */; };
		6316070918400974008C64E5 /* InfoPlist.strings in Resources */ = {isa = PBXBuildFile; fileRef = 6316070718400974008C64E5 /* InfoPlist.strings */; };
		6316070B18400974008C64E5 /* main.m in Sources */ = {isa = PBXBuildFile; fileRef = 6316070A18400974008C64E5 /* main.m */; };
		6316070F18400974008C64E5 /* ohstarterAppDelegate.m in Sources */ = {isa = PBXBuildFile; fileRef = 6316070E18400974008C64E5 /* ohstarterAppDelegate.m */; };
		6316071218400974008C64E5 /* Main.storyboard in Resources */ = {isa = PBXBuildFile; fileRef = 6316071018400974008C64E5 /* Main.storyboard */; };
		6316071518400974008C64E5 /* MealFormViewController.m in Sources */ = {isa = PBXBuildFile; fileRef = 6316071418400974008C64E5 /* MealFormViewController.m */; };
		6316071718400974008C64E5 /* Images.xcassets in Resources */ = {isa = PBXBuildFile; fileRef = 6316071618400974008C64E5 /* Images.xcassets */; };
		6316071E18400974008C64E5 /* XCTest.framework in Frameworks */ = {isa = PBXBuildFile; fileRef = 6316071D18400974008C64E5 /* XCTest.framework */; };
		6316071F18400974008C64E5 /* Foundation.framework in Frameworks */ = {isa = PBXBuildFile; fileRef = 631606FE18400974008C64E5 /* Foundation.framework */; };
		6316072018400974008C64E5 /* UIKit.framework in Frameworks */ = {isa = PBXBuildFile; fileRef = 6316070218400974008C64E5 /* UIKit.framework */; };
		6316072818400974008C64E5 /* InfoPlist.strings in Resources */ = {isa = PBXBuildFile; fileRef = 6316072618400974008C64E5 /* InfoPlist.strings */; };
		6316072A18400974008C64E5 /* OHStarterTests.m in Sources */ = {isa = PBXBuildFile; fileRef = 6316072918400974008C64E5 /* OHStarterTests.m */; };
		6316075218400B0C008C64E5 /* add_lightgrey.png in Resources */ = {isa = PBXBuildFile; fileRef = 6316073418400B0C008C64E5 /* add_lightgrey.png */; };
		6316075318400B0C008C64E5 /* add_lightgrey@2x.png in Resources */ = {isa = PBXBuildFile; fileRef = 6316073518400B0C008C64E5 /* add_lightgrey@2x.png */; };
		6316075418400B0C008C64E5 /* cancel.png in Resources */ = {isa = PBXBuildFile; fileRef = 6316073618400B0C008C64E5 /* cancel.png */; };
		6316075518400B0C008C64E5 /* cancel@2x.png in Resources */ = {isa = PBXBuildFile; fileRef = 6316073718400B0C008C64E5 /* cancel@2x.png */; };
		6316075618400B0C008C64E5 /* chevron_small.png in Resources */ = {isa = PBXBuildFile; fileRef = 6316073818400B0C008C64E5 /* chevron_small.png */; };
		6316075718400B0C008C64E5 /* expand@2x.png in Resources */ = {isa = PBXBuildFile; fileRef = 6316073918400B0C008C64E5 /* expand@2x.png */; };
		6316075818400B0C008C64E5 /* delete_red.png in Resources */ = {isa = PBXBuildFile; fileRef = 6316073A18400B0C008C64E5 /* delete_red.png */; };
		6316075918400B0C008C64E5 /* delete_red@2x.png in Resources */ = {isa = PBXBuildFile; fileRef = 6316073B18400B0C008C64E5 /* delete_red@2x.png */; };
		6316075A18400B0C008C64E5 /* delete_white.png in Resources */ = {isa = PBXBuildFile; fileRef = 6316073C18400B0C008C64E5 /* delete_white.png */; };
		6316075B18400B0C008C64E5 /* delete_white@2x.png in Resources */ = {isa = PBXBuildFile; fileRef = 6316073D18400B0C008C64E5 /* delete_white@2x.png */; };
		6316075C18400B0C008C64E5 /* edit.png in Resources */ = {isa = PBXBuildFile; fileRef = 6316073E18400B0C008C64E5 /* edit.png */; };
		6316075D18400B0C008C64E5 /* edit@2x.png in Resources */ = {isa = PBXBuildFile; fileRef = 6316073F18400B0C008C64E5 /* edit@2x.png */; };
		6316075E18400B0C008C64E5 /* knob_big.png in Resources */ = {isa = PBXBuildFile; fileRef = 6316074018400B0C008C64E5 /* knob_big.png */; };
		6316075F18400B0C008C64E5 /* knob_big@2x.png in Resources */ = {isa = PBXBuildFile; fileRef = 6316074118400B0C008C64E5 /* knob_big@2x.png */; };
		6316076018400B0C008C64E5 /* portions_large_large.png in Resources */ = {isa = PBXBuildFile; fileRef = 6316074218400B0C008C64E5 /* portions_large_large.png */; };
		6316076118400B0C008C64E5 /* portions_large_large@2x.png in Resources */ = {isa = PBXBuildFile; fileRef = 6316074318400B0C008C64E5 /* portions_large_large@2x.png */; };
		6316076218400B0C008C64E5 /* portions_large_large_blue.png in Resources */ = {isa = PBXBuildFile; fileRef = 6316074418400B0C008C64E5 /* portions_large_large_blue.png */; };
		6316076318400B0C008C64E5 /* portions_large_large_blue@2x.png in Resources */ = {isa = PBXBuildFile; fileRef = 6316074518400B0C008C64E5 /* portions_large_large_blue@2x.png */; };
		6316076418400B0C008C64E5 /* portions_large_medium.png in Resources */ = {isa = PBXBuildFile; fileRef = 6316074618400B0C008C64E5 /* portions_large_medium.png */; };
		6316076518400B0C008C64E5 /* portions_large_medium@2x.png in Resources */ = {isa = PBXBuildFile; fileRef = 6316074718400B0C008C64E5 /* portions_large_medium@2x.png */; };
		6316076618400B0C008C64E5 /* portions_large_medium_blue.png in Resources */ = {isa = PBXBuildFile; fileRef = 6316074818400B0C008C64E5 /* portions_large_medium_blue.png */; };
		6316076718400B0C008C64E5 /* portions_large_medium_blue@2x.png in Resources */ = {isa = PBXBuildFile; fileRef = 6316074918400B0C008C64E5 /* portions_large_medium_blue@2x.png */; };
		6316076818400B0C008C64E5 /* portions_large_small.png in Resources */ = {isa = PBXBuildFile; fileRef = 6316074A18400B0C008C64E5 /* portions_large_small.png */; };
		6316076918400B0C008C64E5 /* portions_large_small@2x.png in Resources */ = {isa = PBXBuildFile; fileRef = 6316074B18400B0C008C64E5 /* portions_large_small@2x.png */; };
		6316076A18400B0C008C64E5 /* portions_large_small_blue.png in Resources */ = {isa = PBXBuildFile; fileRef = 6316074C18400B0C008C64E5 /* portions_large_small_blue.png */; };
		6316076B18400B0C008C64E5 /* portions_large_small_blue@2x.png in Resources */ = {isa = PBXBuildFile; fileRef = 6316074D18400B0C008C64E5 /* portions_large_small_blue@2x.png */; };
		6316076C18400B0C008C64E5 /* tick_slider_base_big.png in Resources */ = {isa = PBXBuildFile; fileRef = 6316074E18400B0C008C64E5 /* tick_slider_base_big.png */; };
		6316076D18400B0C008C64E5 /* tick_slider_base_big@2x.png in Resources */ = {isa = PBXBuildFile; fileRef = 6316074F18400B0C008C64E5 /* tick_slider_base_big@2x.png */; };
		6316076E18400B0C008C64E5 /* slider_base_big_blue.png in Resources */ = {isa = PBXBuildFile; fileRef = 6316075018400B0C008C64E5 /* slider_base_big_blue.png */; };
		6316076F18400B0C008C64E5 /* slider_base_big_blue@2x.png in Resources */ = {isa = PBXBuildFile; fileRef = 6316075118400B0C008C64E5 /* slider_base_big_blue@2x.png */; };
		639476561842F0C80092C87F /* retract@2x.png in Resources */ = {isa = PBXBuildFile; fileRef = 639476551842F0C80092C87F /* retract@2x.png */; };
		639476591842F2100092C87F /* ExpandableTableView.m in Sources */ = {isa = PBXBuildFile; fileRef = 639476581842F2100092C87F /* ExpandableTableView.m */; };
		6394765B18437D530092C87F /* ViewMoreFooter.xib in Resources */ = {isa = PBXBuildFile; fileRef = 6394765A18437D530092C87F /* ViewMoreFooter.xib */; };
		63B2568518400BB1007BC4DF /* meal_1.png in Resources */ = {isa = PBXBuildFile; fileRef = 63B2568218400BB1007BC4DF /* meal_1.png */; };
		63B2568618400BB1007BC4DF /* meal_2.png in Resources */ = {isa = PBXBuildFile; fileRef = 63B2568318400BB1007BC4DF /* meal_2.png */; };
		63B2568718400BB1007BC4DF /* meal.psd in Resources */ = {isa = PBXBuildFile; fileRef = 63B2568418400BB1007BC4DF /* meal.psd */; };
		63BE448C184015780084A3BC /* Meal.m in Sources */ = {isa = PBXBuildFile; fileRef = 63BE448B184015780084A3BC /* Meal.m */; };
		63BE448F18401C180084A3BC /* FoodItemTableCell.xib in Resources */ = {isa = PBXBuildFile; fileRef = 63BE448E18401C180084A3BC /* FoodItemTableCell.xib */; };
		63BE449218401CA00084A3BC /* FoodItemTableCell.m in Sources */ = {isa = PBXBuildFile; fileRef = 63BE449118401CA00084A3BC /* FoodItemTableCell.m */; };
		63BE44951840C7C20084A3BC /* TickSlider.m in Sources */ = {isa = PBXBuildFile; fileRef = 63BE44941840C7C20084A3BC /* TickSlider.m */; };
		63BE44971840D2010084A3BC /* tick_min_slider_5@2x.png in Resources */ = {isa = PBXBuildFile; fileRef = 63BE44961840D2010084A3BC /* tick_min_slider_5@2x.png */; };
		63BE449D1840E36B0084A3BC /* emptyPixel.png in Resources */ = {isa = PBXBuildFile; fileRef = 63BE449C1840E36B0084A3BC /* emptyPixel.png */; };
		63BE44A318427E5F0084A3BC /* tick_min_slider_1@2x.png in Resources */ = {isa = PBXBuildFile; fileRef = 63BE449F18427E5F0084A3BC /* tick_min_slider_1@2x.png */; };
		63BE44A418427E5F0084A3BC /* tick_min_slider_2@2x.png in Resources */ = {isa = PBXBuildFile; fileRef = 63BE44A018427E5F0084A3BC /* tick_min_slider_2@2x.png */; };
		63BE44A518427E5F0084A3BC /* tick_min_slider_3@2x.png in Resources */ = {isa = PBXBuildFile; fileRef = 63BE44A118427E5F0084A3BC /* tick_min_slider_3@2x.png */; };
		63BE44A618427E5F0084A3BC /* tick_min_slider_4@2x.png in Resources */ = {isa = PBXBuildFile; fileRef = 63BE44A218427E5F0084A3BC /* tick_min_slider_4@2x.png */; };
		63BE44AB1842E3B30084A3BC /* ViewMoreFooter.m in Sources */ = {isa = PBXBuildFile; fileRef = 63BE44AA1842E3B30084A3BC /* ViewMoreFooter.m */; };
/* End PBXBuildFile section */

/* Begin PBXContainerItemProxy section */
		6316072118400974008C64E5 /* PBXContainerItemProxy */ = {
			isa = PBXContainerItemProxy;
			containerPortal = 631606F318400974008C64E5 /* Project object */;
			proxyType = 1;
			remoteGlobalIDString = 631606FA18400974008C64E5;
			remoteInfo = OHStarter;
		};
/* End PBXContainerItemProxy section */

/* Begin PBXFileReference section */
		631606FB18400974008C64E5 /* OHStarter.app */ = {isa = PBXFileReference; explicitFileType = wrapper.application; includeInIndex = 0; path = OHStarter.app; sourceTree = BUILT_PRODUCTS_DIR; };
		631606FE18400974008C64E5 /* Foundation.framework */ = {isa = PBXFileReference; lastKnownFileType = wrapper.framework; name = Foundation.framework; path = System/Library/Frameworks/Foundation.framework; sourceTree = SDKROOT; };
		6316070018400974008C64E5 /* CoreGraphics.framework */ = {isa = PBXFileReference; lastKnownFileType = wrapper.framework; name = CoreGraphics.framework; path = System/Library/Frameworks/CoreGraphics.framework; sourceTree = SDKROOT; };
		6316070218400974008C64E5 /* UIKit.framework */ = {isa = PBXFileReference; lastKnownFileType = wrapper.framework; name = UIKit.framework; path = System/Library/Frameworks/UIKit.framework; sourceTree = SDKROOT; };
		6316070618400974008C64E5 /* OHStarter-Info.plist */ = {isa = PBXFileReference; lastKnownFileType = text.plist.xml; path = "OHStarter-Info.plist"; sourceTree = "<group>"; };
		6316070818400974008C64E5 /* en */ = {isa = PBXFileReference; lastKnownFileType = text.plist.strings; name = en; path = en.lproj/InfoPlist.strings; sourceTree = "<group>"; };
		6316070A18400974008C64E5 /* main.m */ = {isa = PBXFileReference; lastKnownFileType = sourcecode.c.objc; path = main.m; sourceTree = "<group>"; };
		6316070C18400974008C64E5 /* OHStarter-Prefix.pch */ = {isa = PBXFileReference; lastKnownFileType = sourcecode.c.h; path = "OHStarter-Prefix.pch"; sourceTree = "<group>"; };
		6316070D18400974008C64E5 /* ohstarterAppDelegate.h */ = {isa = PBXFileReference; lastKnownFileType = sourcecode.c.h; path = ohstarterAppDelegate.h; sourceTree = "<group>"; };
		6316070E18400974008C64E5 /* ohstarterAppDelegate.m */ = {isa = PBXFileReference; lastKnownFileType = sourcecode.c.objc; path = ohstarterAppDelegate.m; sourceTree = "<group>"; };
		6316071118400974008C64E5 /* Base */ = {isa = PBXFileReference; lastKnownFileType = file.storyboard; name = Base; path = Base.lproj/Main.storyboard; sourceTree = "<group>"; };
		6316071318400974008C64E5 /* MealFormViewController.h */ = {isa = PBXFileReference; lastKnownFileType = sourcecode.c.h; name = MealFormViewController.h; path = OHStarter/MealFormViewController.h; sourceTree = "<group>"; };
		6316071418400974008C64E5 /* MealFormViewController.m */ = {isa = PBXFileReference; lastKnownFileType = sourcecode.c.objc; name = MealFormViewController.m; path = OHStarter/MealFormViewController.m; sourceTree = "<group>"; };
		6316071618400974008C64E5 /* Images.xcassets */ = {isa = PBXFileReference; lastKnownFileType = folder.assetcatalog; path = Images.xcassets; sourceTree = "<group>"; };
		6316071C18400974008C64E5 /* OHStarterTests.xctest */ = {isa = PBXFileReference; explicitFileType = wrapper.cfbundle; includeInIndex = 0; path = OHStarterTests.xctest; sourceTree = BUILT_PRODUCTS_DIR; };
		6316071D18400974008C64E5 /* XCTest.framework */ = {isa = PBXFileReference; lastKnownFileType = wrapper.framework; name = XCTest.framework; path = Library/Frameworks/XCTest.framework; sourceTree = DEVELOPER_DIR; };
		6316072518400974008C64E5 /* OHStarterTests-Info.plist */ = {isa = PBXFileReference; lastKnownFileType = text.plist.xml; path = "OHStarterTests-Info.plist"; sourceTree = "<group>"; };
		6316072718400974008C64E5 /* en */ = {isa = PBXFileReference; lastKnownFileType = text.plist.strings; name = en; path = en.lproj/InfoPlist.strings; sourceTree = "<group>"; };
		6316072918400974008C64E5 /* OHStarterTests.m */ = {isa = PBXFileReference; lastKnownFileType = sourcecode.c.objc; path = OHStarterTests.m; sourceTree = "<group>"; };
		6316073418400B0C008C64E5 /* add_lightgrey.png */ = {isa = PBXFileReference; lastKnownFileType = image.png; path = add_lightgrey.png; sourceTree = "<group>"; };
		6316073518400B0C008C64E5 /* add_lightgrey@2x.png */ = {isa = PBXFileReference; lastKnownFileType = image.png; path = "add_lightgrey@2x.png"; sourceTree = "<group>"; };
		6316073618400B0C008C64E5 /* cancel.png */ = {isa = PBXFileReference; lastKnownFileType = image.png; path = cancel.png; sourceTree = "<group>"; };
		6316073718400B0C008C64E5 /* cancel@2x.png */ = {isa = PBXFileReference; lastKnownFileType = image.png; path = "cancel@2x.png"; sourceTree = "<group>"; };
		6316073818400B0C008C64E5 /* chevron_small.png */ = {isa = PBXFileReference; lastKnownFileType = image.png; path = chevron_small.png; sourceTree = "<group>"; };
		6316073918400B0C008C64E5 /* expand@2x.png */ = {isa = PBXFileReference; lastKnownFileType = image.png; path = "expand@2x.png"; sourceTree = "<group>"; };
		6316073A18400B0C008C64E5 /* delete_red.png */ = {isa = PBXFileReference; lastKnownFileType = image.png; path = delete_red.png; sourceTree = "<group>"; };
		6316073B18400B0C008C64E5 /* delete_red@2x.png */ = {isa = PBXFileReference; lastKnownFileType = image.png; path = "delete_red@2x.png"; sourceTree = "<group>"; };
		6316073C18400B0C008C64E5 /* delete_white.png */ = {isa = PBXFileReference; lastKnownFileType = image.png; path = delete_white.png; sourceTree = "<group>"; };
		6316073D18400B0C008C64E5 /* delete_white@2x.png */ = {isa = PBXFileReference; lastKnownFileType = image.png; path = "delete_white@2x.png"; sourceTree = "<group>"; };
		6316073E18400B0C008C64E5 /* edit.png */ = {isa = PBXFileReference; lastKnownFileType = image.png; path = edit.png; sourceTree = "<group>"; };
		6316073F18400B0C008C64E5 /* edit@2x.png */ = {isa = PBXFileReference; lastKnownFileType = image.png; path = "edit@2x.png"; sourceTree = "<group>"; };
		6316074018400B0C008C64E5 /* knob_big.png */ = {isa = PBXFileReference; lastKnownFileType = image.png; path = knob_big.png; sourceTree = "<group>"; };
		6316074118400B0C008C64E5 /* knob_big@2x.png */ = {isa = PBXFileReference; lastKnownFileType = image.png; path = "knob_big@2x.png"; sourceTree = "<group>"; };
		6316074218400B0C008C64E5 /* portions_large_large.png */ = {isa = PBXFileReference; lastKnownFileType = image.png; path = portions_large_large.png; sourceTree = "<group>"; };
		6316074318400B0C008C64E5 /* portions_large_large@2x.png */ = {isa = PBXFileReference; lastKnownFileType = image.png; path = "portions_large_large@2x.png"; sourceTree = "<group>"; };
		6316074418400B0C008C64E5 /* portions_large_large_blue.png */ = {isa = PBXFileReference; lastKnownFileType = image.png; path = portions_large_large_blue.png; sourceTree = "<group>"; };
		6316074518400B0C008C64E5 /* portions_large_large_blue@2x.png */ = {isa = PBXFileReference; lastKnownFileType = image.png; path = "portions_large_large_blue@2x.png"; sourceTree = "<group>"; };
		6316074618400B0C008C64E5 /* portions_large_medium.png */ = {isa = PBXFileReference; lastKnownFileType = image.png; path = portions_large_medium.png; sourceTree = "<group>"; };
		6316074718400B0C008C64E5 /* portions_large_medium@2x.png */ = {isa = PBXFileReference; lastKnownFileType = image.png; path = "portions_large_medium@2x.png"; sourceTree = "<group>"; };
		6316074818400B0C008C64E5 /* portions_large_medium_blue.png */ = {isa = PBXFileReference; lastKnownFileType = image.png; path = portions_large_medium_blue.png; sourceTree = "<group>"; };
		6316074918400B0C008C64E5 /* portions_large_medium_blue@2x.png */ = {isa = PBXFileReference; lastKnownFileType = image.png; path = "portions_large_medium_blue@2x.png"; sourceTree = "<group>"; };
		6316074A18400B0C008C64E5 /* portions_large_small.png */ = {isa = PBXFileReference; lastKnownFileType = image.png; path = portions_large_small.png; sourceTree = "<group>"; };
		6316074B18400B0C008C64E5 /* portions_large_small@2x.png */ = {isa = PBXFileReference; lastKnownFileType = image.png; path = "portions_large_small@2x.png"; sourceTree = "<group>"; };
		6316074C18400B0C008C64E5 /* portions_large_small_blue.png */ = {isa = PBXFileReference; lastKnownFileType = image.png; path = portions_large_small_blue.png; sourceTree = "<group>"; };
		6316074D18400B0C008C64E5 /* portions_large_small_blue@2x.png */ = {isa = PBXFileReference; lastKnownFileType = image.png; path = "portions_large_small_blue@2x.png"; sourceTree = "<group>"; };
		6316074E18400B0C008C64E5 /* tick_slider_base_big.png */ = {isa = PBXFileReference; lastKnownFileType = image.png; path = tick_slider_base_big.png; sourceTree = "<group>"; };
		6316074F18400B0C008C64E5 /* tick_slider_base_big@2x.png */ = {isa = PBXFileReference; lastKnownFileType = image.png; path = "tick_slider_base_big@2x.png"; sourceTree = "<group>"; };
		6316075018400B0C008C64E5 /* slider_base_big_blue.png */ = {isa = PBXFileReference; lastKnownFileType = image.png; path = slider_base_big_blue.png; sourceTree = "<group>"; };
		6316075118400B0C008C64E5 /* slider_base_big_blue@2x.png */ = {isa = PBXFileReference; lastKnownFileType = image.png; path = "slider_base_big_blue@2x.png"; sourceTree = "<group>"; };
		6316077018400B35008C64E5 /* OHStarter.xcodeproj */ = {isa = PBXFileReference; lastKnownFileType = "wrapper.pb-project"; name = OHStarter.xcodeproj; path = /Users/johnlabarge/OHStarter/OHStarter.xcodeproj; sourceTree = "<absolute>"; };
		639476531842EE2D0092C87F /* ExpandableView.h */ = {isa = PBXFileReference; lastKnownFileType = sourcecode.c.h; name = ExpandableView.h; path = OHStarter/ExpandableView.h; sourceTree = "<group>"; };
		639476551842F0C80092C87F /* retract@2x.png */ = {isa = PBXFileReference; lastKnownFileType = image.png; path = "retract@2x.png"; sourceTree = "<group>"; };
		639476571842F2100092C87F /* ExpandableTableView.h */ = {isa = PBXFileReference; fileEncoding = 4; lastKnownFileType = sourcecode.c.h; name = ExpandableTableView.h; path = OHStarter/ExpandableTableView.h; sourceTree = "<group>"; };
		639476581842F2100092C87F /* ExpandableTableView.m */ = {isa = PBXFileReference; fileEncoding = 4; lastKnownFileType = sourcecode.c.objc; name = ExpandableTableView.m; path = OHStarter/ExpandableTableView.m; sourceTree = "<group>"; };
		6394765A18437D530092C87F /* ViewMoreFooter.xib */ = {isa = PBXFileReference; fileEncoding = 4; lastKnownFileType = file.xib; name = ViewMoreFooter.xib; path = ../OHStarter/ViewMoreFooter.xib; sourceTree = "<group>"; };
		63B2568218400BB1007BC4DF /* meal_1.png */ = {isa = PBXFileReference; lastKnownFileType = image.png; path = meal_1.png; sourceTree = "<group>"; };
		63B2568318400BB1007BC4DF /* meal_2.png */ = {isa = PBXFileReference; lastKnownFileType = image.png; path = meal_2.png; sourceTree = "<group>"; };
		63B2568418400BB1007BC4DF /* meal.psd */ = {isa = PBXFileReference; lastKnownFileType = file; path = meal.psd; sourceTree = "<group>"; };
		63BE448A184015780084A3BC /* Meal.h */ = {isa = PBXFileReference; fileEncoding = 4; lastKnownFileType = sourcecode.c.h; path = Meal.h; sourceTree = SOURCE_ROOT; };
		63BE448B184015780084A3BC /* Meal.m */ = {isa = PBXFileReference; fileEncoding = 4; lastKnownFileType = sourcecode.c.objc; path = Meal.m; sourceTree = SOURCE_ROOT; };
		63BE448E18401C180084A3BC /* FoodItemTableCell.xib */ = {isa = PBXFileReference; fileEncoding = 4; lastKnownFileType = file.xib; name = FoodItemTableCell.xib; path = ../FoodItemTableCell.xib; sourceTree = "<group>"; };
		63BE449018401CA00084A3BC /* FoodItemTableCell.h */ = {isa = PBXFileReference; fileEncoding = 4; lastKnownFileType = sourcecode.c.h; name = FoodItemTableCell.h; path = ../FoodItemTableCell.h; sourceTree = "<group>"; };
		63BE449118401CA00084A3BC /* FoodItemTableCell.m */ = {isa = PBXFileReference; fileEncoding = 4; lastKnownFileType = sourcecode.c.objc; name = FoodItemTableCell.m; path = ../FoodItemTableCell.m; sourceTree = "<group>"; };
		63BE44931840C7C20084A3BC /* TickSlider.h */ = {isa = PBXFileReference; fileEncoding = 4; lastKnownFileType = sourcecode.c.h; name = TickSlider.h; path = OHStarter/TickSlider.h; sourceTree = "<group>"; };
		63BE44941840C7C20084A3BC /* TickSlider.m */ = {isa = PBXFileReference; fileEncoding = 4; lastKnownFileType = sourcecode.c.objc; name = TickSlider.m; path = OHStarter/TickSlider.m; sourceTree = "<group>"; };
		63BE44961840D2010084A3BC /* tick_min_slider_5@2x.png */ = {isa = PBXFileReference; lastKnownFileType = image.png; path = "tick_min_slider_5@2x.png"; sourceTree = "<group>"; };
		63BE449C1840E36B0084A3BC /* emptyPixel.png */ = {isa = PBXFileReference; lastKnownFileType = image.png; path = emptyPixel.png; sourceTree = "<group>"; };
		63BE449F18427E5F0084A3BC /* tick_min_slider_1@2x.png */ = {isa = PBXFileReference; lastKnownFileType = image.png; path = "tick_min_slider_1@2x.png"; sourceTree = "<group>"; };
		63BE44A018427E5F0084A3BC /* tick_min_slider_2@2x.png */ = {isa = PBXFileReference; lastKnownFileType = image.png; path = "tick_min_slider_2@2x.png"; sourceTree = "<group>"; };
		63BE44A118427E5F0084A3BC /* tick_min_slider_3@2x.png */ = {isa = PBXFileReference; lastKnownFileType = image.png; path = "tick_min_slider_3@2x.png"; sourceTree = "<group>"; };
		63BE44A218427E5F0084A3BC /* tick_min_slider_4@2x.png */ = {isa = PBXFileReference; lastKnownFileType = image.png; path = "tick_min_slider_4@2x.png"; sourceTree = "<group>"; };
		63BE44A91842E3B30084A3BC /* ViewMoreFooter.h */ = {isa = PBXFileReference; fileEncoding = 4; lastKnownFileType = sourcecode.c.h; name = ViewMoreFooter.h; path = ../ViewMoreFooter.h; sourceTree = "<group>"; };
		63BE44AA1842E3B30084A3BC /* ViewMoreFooter.m */ = {isa = PBXFileReference; fileEncoding = 4; lastKnownFileType = sourcecode.c.objc; name = ViewMoreFooter.m; path = ../ViewMoreFooter.m; sourceTree = "<group>"; };
		A5DC1257E7504BB987B0E77C /* Pods.xcconfig */ = {isa = PBXFileReference; includeInIndex = 1; lastKnownFileType = text.xcconfig; name = Pods.xcconfig; path = Pods/Pods.xcconfig; sourceTree = "<group>"; };
		B89A0D920B58466FB80C3030 /* libPods.a */ = {isa = PBXFileReference; explicitFileType = archive.ar; includeInIndex = 0; path = libPods.a; sourceTree = BUILT_PRODUCTS_DIR; };
/* End PBXFileReference section */

/* Begin PBXFrameworksBuildPhase section */
		631606F818400974008C64E5 /* Frameworks */ = {
			isa = PBXFrameworksBuildPhase;
			buildActionMask = 2147483647;
			files = (
				6316070118400974008C64E5 /* CoreGraphics.framework in Frameworks */,
				6316070318400974008C64E5 /* UIKit.framework in Frameworks */,
				631606FF18400974008C64E5 /* Foundation.framework in Frameworks */,
				51C5E78F9805467680CF91D8 /* libPods.a in Frameworks */,
			);
			runOnlyForDeploymentPostprocessing = 0;
		};
		6316071918400974008C64E5 /* Frameworks */ = {
			isa = PBXFrameworksBuildPhase;
			buildActionMask = 2147483647;
			files = (
				6316071E18400974008C64E5 /* XCTest.framework in Frameworks */,
				6316072018400974008C64E5 /* UIKit.framework in Frameworks */,
				6316071F18400974008C64E5 /* Foundation.framework in Frameworks */,
			);
			runOnlyForDeploymentPostprocessing = 0;
		};
/* End PBXFrameworksBuildPhase section */

/* Begin PBXGroup section */
		631606F218400974008C64E5 = {
			isa = PBXGroup;
			children = (
				E53801AA18453BCA001DC4A4 /* ViewControllers */,
				E53801A918453BAB001DC4A4 /* widgets */,
				E53801A818453B8A001DC4A4 /* FoodTable */,
				6316077118400B35008C64E5 /* concept */,
				6316073318400B0C008C64E5 /* assets */,
				63BE448D184015830084A3BC /* Models */,
				6316070418400974008C64E5 /* OHStarter */,
				6316072318400974008C64E5 /* OHStarterTests */,
				631606FD18400974008C64E5 /* Frameworks */,
				631606FC18400974008C64E5 /* Products */,
				A5DC1257E7504BB987B0E77C /* Pods.xcconfig */,
			);
			sourceTree = "<group>";
		};
		631606FC18400974008C64E5 /* Products */ = {
			isa = PBXGroup;
			children = (
				631606FB18400974008C64E5 /* OHStarter.app */,
				6316071C18400974008C64E5 /* OHStarterTests.xctest */,
			);
			name = Products;
			sourceTree = "<group>";
		};
		631606FD18400974008C64E5 /* Frameworks */ = {
			isa = PBXGroup;
			children = (
				631606FE18400974008C64E5 /* Foundation.framework */,
				6316070018400974008C64E5 /* CoreGraphics.framework */,
				6316070218400974008C64E5 /* UIKit.framework */,
				6316071D18400974008C64E5 /* XCTest.framework */,
				B89A0D920B58466FB80C3030 /* libPods.a */,
			);
			name = Frameworks;
			sourceTree = "<group>";
		};
		6316070418400974008C64E5 /* OHStarter */ = {
			isa = PBXGroup;
			children = (
				6316071018400974008C64E5 /* Main.storyboard */,
				6316070D18400974008C64E5 /* ohstarterAppDelegate.h */,
				6316070E18400974008C64E5 /* ohstarterAppDelegate.m */,
				6316071618400974008C64E5 /* Images.xcassets */,
				6316070518400974008C64E5 /* Supporting Files */,
			);
			path = OHStarter;
			sourceTree = "<group>";
		};
		6316070518400974008C64E5 /* Supporting Files */ = {
			isa = PBXGroup;
			children = (
				6316070618400974008C64E5 /* OHStarter-Info.plist */,
				6316070718400974008C64E5 /* InfoPlist.strings */,
				6316070A18400974008C64E5 /* main.m */,
				6316070C18400974008C64E5 /* OHStarter-Prefix.pch */,
			);
			name = "Supporting Files";
			sourceTree = "<group>";
		};
		6316072318400974008C64E5 /* OHStarterTests */ = {
			isa = PBXGroup;
			children = (
				6316072918400974008C64E5 /* OHStarterTests.m */,
				6316072418400974008C64E5 /* Supporting Files */,
			);
			path = OHStarterTests;
			sourceTree = "<group>";
		};
		6316072418400974008C64E5 /* Supporting Files */ = {
			isa = PBXGroup;
			children = (
				6316072518400974008C64E5 /* OHStarterTests-Info.plist */,
				6316072618400974008C64E5 /* InfoPlist.strings */,
			);
			name = "Supporting Files";
			sourceTree = "<group>";
		};
		6316073318400B0C008C64E5 /* assets */ = {
			isa = PBXGroup;
			children = (
				639476541842EFD40092C87F /* expander */,
				63BE449E18427DB80084A3BC /* healthiness_slider */,
				63BE449C1840E36B0084A3BC /* emptyPixel.png */,
				6316073418400B0C008C64E5 /* add_lightgrey.png */,
				6316073518400B0C008C64E5 /* add_lightgrey@2x.png */,
				6316073618400B0C008C64E5 /* cancel.png */,
				6316073718400B0C008C64E5 /* cancel@2x.png */,
				6316073A18400B0C008C64E5 /* delete_red.png */,
				6316073B18400B0C008C64E5 /* delete_red@2x.png */,
				6316073C18400B0C008C64E5 /* delete_white.png */,
				6316073D18400B0C008C64E5 /* delete_white@2x.png */,
				6316073E18400B0C008C64E5 /* edit.png */,
				6316073F18400B0C008C64E5 /* edit@2x.png */,
				6316074018400B0C008C64E5 /* knob_big.png */,
				6316074118400B0C008C64E5 /* knob_big@2x.png */,
				6316074218400B0C008C64E5 /* portions_large_large.png */,
				6316074318400B0C008C64E5 /* portions_large_large@2x.png */,
				6316074418400B0C008C64E5 /* portions_large_large_blue.png */,
				6316074518400B0C008C64E5 /* portions_large_large_blue@2x.png */,
				6316074618400B0C008C64E5 /* portions_large_medium.png */,
				6316074718400B0C008C64E5 /* portions_large_medium@2x.png */,
				6316074818400B0C008C64E5 /* portions_large_medium_blue.png */,
				6316074918400B0C008C64E5 /* portions_large_medium_blue@2x.png */,
				6316074A18400B0C008C64E5 /* portions_large_small.png */,
				6316074B18400B0C008C64E5 /* portions_large_small@2x.png */,
				6316074C18400B0C008C64E5 /* portions_large_small_blue.png */,
				6316074D18400B0C008C64E5 /* portions_large_small_blue@2x.png */,
				6316075018400B0C008C64E5 /* slider_base_big_blue.png */,
				6316075118400B0C008C64E5 /* slider_base_big_blue@2x.png */,
			);
			path = assets;
			sourceTree = "<group>";
		};
		6316077118400B35008C64E5 /* concept */ = {
			isa = PBXGroup;
			children = (
				63B2568218400BB1007BC4DF /* meal_1.png */,
				63B2568318400BB1007BC4DF /* meal_2.png */,
				63B2568418400BB1007BC4DF /* meal.psd */,
				6316077018400B35008C64E5 /* OHStarter.xcodeproj */,
			);
			name = concept;
			path = OHStarter.xcodeproj;
			sourceTree = "<group>";
		};
		639476541842EFD40092C87F /* expander */ = {
			isa = PBXGroup;
			children = (
				639476551842F0C80092C87F /* retract@2x.png */,
				6316073818400B0C008C64E5 /* chevron_small.png */,
				6316073918400B0C008C64E5 /* expand@2x.png */,
			);
			name = expander;
			sourceTree = "<group>";
		};
		63B2568018400B80007BC4DF /* Products */ = {
			isa = PBXGroup;
			name = Products;
			sourceTree = "<group>";
		};
		63BE448D184015830084A3BC /* Models */ = {
			isa = PBXGroup;
			children = (
				63BE448A184015780084A3BC /* Meal.h */,
				63BE448B184015780084A3BC /* Meal.m */,
			);
			name = Models;
			path = OHStarter.xcodeproj;
			sourceTree = "<group>";
		};
		63BE449E18427DB80084A3BC /* healthiness_slider */ = {
			isa = PBXGroup;
			children = (
				6316074E18400B0C008C64E5 /* tick_slider_base_big.png */,
				6316074F18400B0C008C64E5 /* tick_slider_base_big@2x.png */,
				63BE449F18427E5F0084A3BC /* tick_min_slider_1@2x.png */,
				63BE44A018427E5F0084A3BC /* tick_min_slider_2@2x.png */,
				63BE44A118427E5F0084A3BC /* tick_min_slider_3@2x.png */,
				63BE44A218427E5F0084A3BC /* tick_min_slider_4@2x.png */,
				63BE44961840D2010084A3BC /* tick_min_slider_5@2x.png */,
			);
			name = healthiness_slider;
			sourceTree = "<group>";
		};
		E53801A818453B8A001DC4A4 /* FoodTable */ = {
			isa = PBXGroup;
			children = (
				6394765A18437D530092C87F /* ViewMoreFooter.xib */,
				63BE44A91842E3B30084A3BC /* ViewMoreFooter.h */,
				63BE44AA1842E3B30084A3BC /* ViewMoreFooter.m */,
				63BE448E18401C180084A3BC /* FoodItemTableCell.xib */,
				63BE449018401CA00084A3BC /* FoodItemTableCell.h */,
				63BE449118401CA00084A3BC /* FoodItemTableCell.m */,
			);
			name = FoodTable;
			path = OHStarter.xcodeproj;
			sourceTree = "<group>";
		};
		E53801A918453BAB001DC4A4 /* widgets */ = {
			isa = PBXGroup;
			children = (
				639476531842EE2D0092C87F /* ExpandableView.h */,
				639476571842F2100092C87F /* ExpandableTableView.h */,
				639476581842F2100092C87F /* ExpandableTableView.m */,
				63BE44931840C7C20084A3BC /* TickSlider.h */,
				63BE44941840C7C20084A3BC /* TickSlider.m */,
			);
			name = widgets;
			sourceTree = "<group>";
		};
		E53801AA18453BCA001DC4A4 /* ViewControllers */ = {
			isa = PBXGroup;
			children = (
				6316071318400974008C64E5 /* MealFormViewController.h */,
				6316071418400974008C64E5 /* MealFormViewController.m */,
			);
			name = ViewControllers;
			sourceTree = "<group>";
		};
/* End PBXGroup section */

/* Begin PBXNativeTarget section */
		631606FA18400974008C64E5 /* OHStarter */ = {
			isa = PBXNativeTarget;
			buildConfigurationList = 6316072D18400974008C64E5 /* Build configuration list for PBXNativeTarget "OHStarter" */;
			buildPhases = (
				C9866CC2D79F453CA3E93B7A /* Check Pods Manifest.lock */,
				631606F718400974008C64E5 /* Sources */,
				631606F818400974008C64E5 /* Frameworks */,
				631606F918400974008C64E5 /* Resources */,
				259B4B2E07DA42B68122AF29 /* Copy Pods Resources */,
			);
			buildRules = (
			);
			dependencies = (
			);
			name = OHStarter;
			productName = OHStarter;
			productReference = 631606FB18400974008C64E5 /* OHStarter.app */;
			productType = "com.apple.product-type.application";
		};
		6316071B18400974008C64E5 /* OHStarterTests */ = {
			isa = PBXNativeTarget;
			buildConfigurationList = 6316073018400974008C64E5 /* Build configuration list for PBXNativeTarget "OHStarterTests" */;
			buildPhases = (
				6316071818400974008C64E5 /* Sources */,
				6316071918400974008C64E5 /* Frameworks */,
				6316071A18400974008C64E5 /* Resources */,
			);
			buildRules = (
			);
			dependencies = (
				6316072218400974008C64E5 /* PBXTargetDependency */,
			);
			name = OHStarterTests;
			productName = OHStarterTests;
			productReference = 6316071C18400974008C64E5 /* OHStarterTests.xctest */;
			productType = "com.apple.product-type.bundle.unit-test";
		};
/* End PBXNativeTarget section */

/* Begin PBXProject section */
		631606F318400974008C64E5 /* Project object */ = {
			isa = PBXProject;
			attributes = {
				CLASSPREFIX = ohstarter;
				LastUpgradeCheck = 0500;
				ORGANIZATIONNAME = "John La Barge";
				TargetAttributes = {
					6316071B18400974008C64E5 = {
						TestTargetID = 631606FA18400974008C64E5;
					};
				};
			};
			buildConfigurationList = 631606F618400974008C64E5 /* Build configuration list for PBXProject "OHStarter" */;
			compatibilityVersion = "Xcode 3.2";
			developmentRegion = English;
			hasScannedForEncodings = 0;
			knownRegions = (
				en,
				Base,
			);
			mainGroup = 631606F218400974008C64E5;
			productRefGroup = 631606FC18400974008C64E5 /* Products */;
			projectDirPath = "";
			projectReferences = (
				{
					ProductGroup = 63B2568018400B80007BC4DF /* Products */;
					ProjectRef = 6316077018400B35008C64E5 /* OHStarter.xcodeproj */;
				},
			);
			projectRoot = "";
			targets = (
				631606FA18400974008C64E5 /* OHStarter */,
				6316071B18400974008C64E5 /* OHStarterTests */,
			);
		};
/* End PBXProject section */

/* Begin PBXResourcesBuildPhase section */
		631606F918400974008C64E5 /* Resources */ = {
			isa = PBXResourcesBuildPhase;
			buildActionMask = 2147483647;
			files = (
				6394765B18437D530092C87F /* ViewMoreFooter.xib in Resources */,
				6316076E18400B0C008C64E5 /* slider_base_big_blue.png in Resources */,
				63BE44A318427E5F0084A3BC /* tick_min_slider_1@2x.png in Resources */,
				6316076C18400B0C008C64E5 /* tick_slider_base_big.png in Resources */,
				6316076618400B0C008C64E5 /* portions_large_medium_blue.png in Resources */,
				6316076F18400B0C008C64E5 /* slider_base_big_blue@2x.png in Resources */,
				639476561842F0C80092C87F /* retract@2x.png in Resources */,
				63B2568718400BB1007BC4DF /* meal.psd in Resources */,
				6316071718400974008C64E5 /* Images.xcassets in Resources */,
				6316076318400B0C008C64E5 /* portions_large_large_blue@2x.png in Resources */,
				63B2568618400BB1007BC4DF /* meal_2.png in Resources */,
				6316076718400B0C008C64E5 /* portions_large_medium_blue@2x.png in Resources */,
				63BE44A618427E5F0084A3BC /* tick_min_slider_4@2x.png in Resources */,
				6316075618400B0C008C64E5 /* chevron_small.png in Resources */,
				6316075A18400B0C008C64E5 /* delete_white.png in Resources */,
				6316075D18400B0C008C64E5 /* edit@2x.png in Resources */,
				6316075318400B0C008C64E5 /* add_lightgrey@2x.png in Resources */,
				6316070918400974008C64E5 /* InfoPlist.strings in Resources */,
				6316076818400B0C008C64E5 /* portions_large_small.png in Resources */,
				63BE449D1840E36B0084A3BC /* emptyPixel.png in Resources */,
				6316076D18400B0C008C64E5 /* tick_slider_base_big@2x.png in Resources */,
				6316076518400B0C008C64E5 /* portions_large_medium@2x.png in Resources */,
				6316075918400B0C008C64E5 /* delete_red@2x.png in Resources */,
				63BE44971840D2010084A3BC /* tick_min_slider_5@2x.png in Resources */,
				63B2568518400BB1007BC4DF /* meal_1.png in Resources */,
				6316076018400B0C008C64E5 /* portions_large_large.png in Resources */,
				6316075418400B0C008C64E5 /* cancel.png in Resources */,
				6316076218400B0C008C64E5 /* portions_large_large_blue.png in Resources */,
				6316075C18400B0C008C64E5 /* edit.png in Resources */,
				6316075B18400B0C008C64E5 /* delete_white@2x.png in Resources */,
				63BE448F18401C180084A3BC /* FoodItemTableCell.xib in Resources */,
				6316075E18400B0C008C64E5 /* knob_big.png in Resources */,
				6316071218400974008C64E5 /* Main.storyboard in Resources */,
				6316076118400B0C008C64E5 /* portions_large_large@2x.png in Resources */,
				63BE44A518427E5F0084A3BC /* tick_min_slider_3@2x.png in Resources */,
				6316076418400B0C008C64E5 /* portions_large_medium.png in Resources */,
				6316075818400B0C008C64E5 /* delete_red.png in Resources */,
				6316075F18400B0C008C64E5 /* knob_big@2x.png in Resources */,
				6316076B18400B0C008C64E5 /* portions_large_small_blue@2x.png in Resources */,
				6316076A18400B0C008C64E5 /* portions_large_small_blue.png in Resources */,
				6316075718400B0C008C64E5 /* expand@2x.png in Resources */,
				63BE44A418427E5F0084A3BC /* tick_min_slider_2@2x.png in Resources */,
				6316075518400B0C008C64E5 /* cancel@2x.png in Resources */,
				6316076918400B0C008C64E5 /* portions_large_small@2x.png in Resources */,
				6316075218400B0C008C64E5 /* add_lightgrey.png in Resources */,
			);
			runOnlyForDeploymentPostprocessing = 0;
		};
		6316071A18400974008C64E5 /* Resources */ = {
			isa = PBXResourcesBuildPhase;
			buildActionMask = 2147483647;
			files = (
				6316072818400974008C64E5 /* InfoPlist.strings in Resources */,
			);
			runOnlyForDeploymentPostprocessing = 0;
		};
/* End PBXResourcesBuildPhase section */

/* Begin PBXShellScriptBuildPhase section */
		259B4B2E07DA42B68122AF29 /* Copy Pods Resources */ = {
			isa = PBXShellScriptBuildPhase;
			buildActionMask = 2147483647;
			files = (
			);
			inputPaths = (
			);
			name = "Copy Pods Resources";
			outputPaths = (
			);
			runOnlyForDeploymentPostprocessing = 0;
			shellPath = /bin/sh;
			shellScript = "\"${SRCROOT}/Pods/Pods-resources.sh\"\n";
			showEnvVarsInLog = 0;
		};
		C9866CC2D79F453CA3E93B7A /* Check Pods Manifest.lock */ = {
			isa = PBXShellScriptBuildPhase;
			buildActionMask = 2147483647;
			files = (
			);
			inputPaths = (
			);
			name = "Check Pods Manifest.lock";
			outputPaths = (
			);
			runOnlyForDeploymentPostprocessing = 0;
			shellPath = /bin/sh;
			shellScript = "diff \"${PODS_ROOT}/../Podfile.lock\" \"${PODS_ROOT}/Manifest.lock\" > /dev/null\nif [[ $? != 0 ]] ; then\n    cat << EOM\nerror: The sandbox is not in sync with the Podfile.lock. Run 'pod install' or update your CocoaPods installation.\nEOM\n    exit 1\nfi\n";
			showEnvVarsInLog = 0;
		};
/* End PBXShellScriptBuildPhase section */

/* Begin PBXSourcesBuildPhase section */
		631606F718400974008C64E5 /* Sources */ = {
			isa = PBXSourcesBuildPhase;
			buildActionMask = 2147483647;
			files = (
				63BE448C184015780084A3BC /* Meal.m in Sources */,
				63BE44951840C7C20084A3BC /* TickSlider.m in Sources */,
				63BE44AB1842E3B30084A3BC /* ViewMoreFooter.m in Sources */,
				6316071518400974008C64E5 /* MealFormViewController.m in Sources */,
				6316070B18400974008C64E5 /* main.m in Sources */,
				6316070F18400974008C64E5 /* ohstarterAppDelegate.m in Sources */,
				63BE449218401CA00084A3BC /* FoodItemTableCell.m in Sources */,
				639476591842F2100092C87F /* ExpandableTableView.m in Sources */,
			);
			runOnlyForDeploymentPostprocessing = 0;
		};
		6316071818400974008C64E5 /* Sources */ = {
			isa = PBXSourcesBuildPhase;
			buildActionMask = 2147483647;
			files = (
				6316072A18400974008C64E5 /* OHStarterTests.m in Sources */,
			);
			runOnlyForDeploymentPostprocessing = 0;
		};
/* End PBXSourcesBuildPhase section */

/* Begin PBXTargetDependency section */
		6316072218400974008C64E5 /* PBXTargetDependency */ = {
			isa = PBXTargetDependency;
			target = 631606FA18400974008C64E5 /* OHStarter */;
			targetProxy = 6316072118400974008C64E5 /* PBXContainerItemProxy */;
		};
/* End PBXTargetDependency section */

/* Begin PBXVariantGroup section */
		6316070718400974008C64E5 /* InfoPlist.strings */ = {
			isa = PBXVariantGroup;
			children = (
				6316070818400974008C64E5 /* en */,
			);
			name = InfoPlist.strings;
			sourceTree = "<group>";
		};
		6316071018400974008C64E5 /* Main.storyboard */ = {
			isa = PBXVariantGroup;
			children = (
				6316071118400974008C64E5 /* Base */,
			);
			name = Main.storyboard;
			sourceTree = "<group>";
		};
		6316072618400974008C64E5 /* InfoPlist.strings */ = {
			isa = PBXVariantGroup;
			children = (
				6316072718400974008C64E5 /* en */,
			);
			name = InfoPlist.strings;
			sourceTree = "<group>";
		};
/* End PBXVariantGroup section */

/* Begin XCBuildConfiguration section */
		6316072B18400974008C64E5 /* Debug */ = {
			isa = XCBuildConfiguration;
			buildSettings = {
				ALWAYS_SEARCH_USER_PATHS = NO;
				ARCHS = "$(ARCHS_STANDARD_INCLUDING_64_BIT)";
				CLANG_CXX_LANGUAGE_STANDARD = "gnu++0x";
				CLANG_CXX_LIBRARY = "libc++";
				CLANG_ENABLE_MODULES = YES;
				CLANG_ENABLE_OBJC_ARC = YES;
				CLANG_WARN_BOOL_CONVERSION = YES;
				CLANG_WARN_CONSTANT_CONVERSION = YES;
				CLANG_WARN_DIRECT_OBJC_ISA_USAGE = YES_ERROR;
				CLANG_WARN_EMPTY_BODY = YES;
				CLANG_WARN_ENUM_CONVERSION = YES;
				CLANG_WARN_INT_CONVERSION = YES;
				CLANG_WARN_OBJC_ROOT_CLASS = YES_ERROR;
				CLANG_WARN__DUPLICATE_METHOD_MATCH = YES;
				"CODE_SIGN_IDENTITY[sdk=iphoneos*]" = "iPhone Developer";
				COPY_PHASE_STRIP = NO;
				GCC_C_LANGUAGE_STANDARD = gnu99;
				GCC_DYNAMIC_NO_PIC = NO;
				GCC_OPTIMIZATION_LEVEL = 0;
				GCC_PREPROCESSOR_DEFINITIONS = (
					"DEBUG=1",
					"$(inherited)",
				);
				GCC_SYMBOLS_PRIVATE_EXTERN = NO;
				GCC_WARN_64_TO_32_BIT_CONVERSION = YES;
				GCC_WARN_ABOUT_RETURN_TYPE = YES_ERROR;
				GCC_WARN_UNDECLARED_SELECTOR = YES;
				GCC_WARN_UNINITIALIZED_AUTOS = YES;
				GCC_WARN_UNUSED_FUNCTION = YES;
				GCC_WARN_UNUSED_VARIABLE = YES;
				IPHONEOS_DEPLOYMENT_TARGET = 7.0;
				ONLY_ACTIVE_ARCH = YES;
				SDKROOT = iphoneos;
			};
			name = Debug;
		};
		6316072C18400974008C64E5 /* Release */ = {
			isa = XCBuildConfiguration;
			buildSettings = {
				ALWAYS_SEARCH_USER_PATHS = NO;
				ARCHS = "$(ARCHS_STANDARD_INCLUDING_64_BIT)";
				CLANG_CXX_LANGUAGE_STANDARD = "gnu++0x";
				CLANG_CXX_LIBRARY = "libc++";
				CLANG_ENABLE_MODULES = YES;
				CLANG_ENABLE_OBJC_ARC = YES;
				CLANG_WARN_BOOL_CONVERSION = YES;
				CLANG_WARN_CONSTANT_CONVERSION = YES;
				CLANG_WARN_DIRECT_OBJC_ISA_USAGE = YES_ERROR;
				CLANG_WARN_EMPTY_BODY = YES;
				CLANG_WARN_ENUM_CONVERSION = YES;
				CLANG_WARN_INT_CONVERSION = YES;
				CLANG_WARN_OBJC_ROOT_CLASS = YES_ERROR;
				CLANG_WARN__DUPLICATE_METHOD_MATCH = YES;
				"CODE_SIGN_IDENTITY[sdk=iphoneos*]" = "iPhone Developer";
				COPY_PHASE_STRIP = YES;
				ENABLE_NS_ASSERTIONS = NO;
				GCC_C_LANGUAGE_STANDARD = gnu99;
				GCC_WARN_64_TO_32_BIT_CONVERSION = YES;
				GCC_WARN_ABOUT_RETURN_TYPE = YES_ERROR;
				GCC_WARN_UNDECLARED_SELECTOR = YES;
				GCC_WARN_UNINITIALIZED_AUTOS = YES;
				GCC_WARN_UNUSED_FUNCTION = YES;
				GCC_WARN_UNUSED_VARIABLE = YES;
				IPHONEOS_DEPLOYMENT_TARGET = 7.0;
				SDKROOT = iphoneos;
				VALIDATE_PRODUCT = YES;
			};
			name = Release;
		};
		6316072E18400974008C64E5 /* Debug */ = {
			isa = XCBuildConfiguration;
			baseConfigurationReference = A5DC1257E7504BB987B0E77C /* Pods.xcconfig */;
			buildSettings = {
				ASSETCATALOG_COMPILER_APPICON_NAME = AppIcon;
				ASSETCATALOG_COMPILER_LAUNCHIMAGE_NAME = LaunchImage;
				GCC_PRECOMPILE_PREFIX_HEADER = YES;
				GCC_PREFIX_HEADER = "OHStarter/OHStarter-Prefix.pch";
				INFOPLIST_FILE = "OHStarter/OHStarter-Info.plist";
				PRODUCT_NAME = "$(TARGET_NAME)";
				WRAPPER_EXTENSION = app;
			};
			name = Debug;
		};
		6316072F18400974008C64E5 /* Release */ = {
			isa = XCBuildConfiguration;
			baseConfigurationReference = A5DC1257E7504BB987B0E77C /* Pods.xcconfig */;
			buildSettings = {
				ASSETCATALOG_COMPILER_APPICON_NAME = AppIcon;
				ASSETCATALOG_COMPILER_LAUNCHIMAGE_NAME = LaunchImage;
				GCC_PRECOMPILE_PREFIX_HEADER = YES;
				GCC_PREFIX_HEADER = "OHStarter/OHStarter-Prefix.pch";
				INFOPLIST_FILE = "OHStarter/OHStarter-Info.plist";
				PRODUCT_NAME = "$(TARGET_NAME)";
				WRAPPER_EXTENSION = app;
			};
			name = Release;
		};
		6316073118400974008C64E5 /* Debug */ = {
			isa = XCBuildConfiguration;
			buildSettings = {
				ARCHS = "$(ARCHS_STANDARD_INCLUDING_64_BIT)";
				BUNDLE_LOADER = "$(BUILT_PRODUCTS_DIR)/OHStarter.app/OHStarter";
				FRAMEWORK_SEARCH_PATHS = (
					"$(SDKROOT)/Developer/Library/Frameworks",
					"$(inherited)",
					"$(DEVELOPER_FRAMEWORKS_DIR)",
				);
				GCC_PRECOMPILE_PREFIX_HEADER = YES;
				GCC_PREFIX_HEADER = "OHStarter/OHStarter-Prefix.pch";
				GCC_PREPROCESSOR_DEFINITIONS = (
					"DEBUG=1",
					"$(inherited)",
				);
				INFOPLIST_FILE = "OHStarterTests/OHStarterTests-Info.plist";
				PRODUCT_NAME = "$(TARGET_NAME)";
				TEST_HOST = "$(BUNDLE_LOADER)";
				WRAPPER_EXTENSION = xctest;
			};
			name = Debug;
		};
		6316073218400974008C64E5 /* Release */ = {
			isa = XCBuildConfiguration;
			buildSettings = {
				ARCHS = "$(ARCHS_STANDARD_INCLUDING_64_BIT)";
				BUNDLE_LOADER = "$(BUILT_PRODUCTS_DIR)/OHStarter.app/OHStarter";
				FRAMEWORK_SEARCH_PATHS = (
					"$(SDKROOT)/Developer/Library/Frameworks",
					"$(inherited)",
					"$(DEVELOPER_FRAMEWORKS_DIR)",
				);
				GCC_PRECOMPILE_PREFIX_HEADER = YES;
				GCC_PREFIX_HEADER = "OHStarter/OHStarter-Prefix.pch";
				INFOPLIST_FILE = "OHStarterTests/OHStarterTests-Info.plist";
				PRODUCT_NAME = "$(TARGET_NAME)";
				TEST_HOST = "$(BUNDLE_LOADER)";
				WRAPPER_EXTENSION = xctest;
			};
			name = Release;
		};
/* End XCBuildConfiguration section */

/* Begin XCConfigurationList section */
		631606F618400974008C64E5 /* Build configuration list for PBXProject "OHStarter" */ = {
			isa = XCConfigurationList;
			buildConfigurations = (
				6316072B18400974008C64E5 /* Debug */,
				6316072C18400974008C64E5 /* Release */,
			);
			defaultConfigurationIsVisible = 0;
			defaultConfigurationName = Release;
		};
		6316072D18400974008C64E5 /* Build configuration list for PBXNativeTarget "OHStarter" */ = {
			isa = XCConfigurationList;
			buildConfigurations = (
				6316072E18400974008C64E5 /* Debug */,
				6316072F18400974008C64E5 /* Release */,
			);
			defaultConfigurationIsVisible = 0;
			defaultConfigurationName = Release;
		};
		6316073018400974008C64E5 /* Build configuration list for PBXNativeTarget "OHStarterTests" */ = {
			isa = XCConfigurationList;
			buildConfigurations = (
				6316073118400974008C64E5 /* Debug */,
				6316073218400974008C64E5 /* Release */,
			);
			defaultConfigurationIsVisible = 0;
			defaultConfigurationName = Release;
		};
/* End XCConfigurationList section */
	};
	rootObject = 631606F318400974008C64E5 /* Project object */;
}
